
Microsoft Visual Studio Solution File, Format Version 12.00
# Visual Studio Version 16
VisualStudioVersion = 16.0.29926.136
MinimumVisualStudioVersion = 10.0.40219.1
Project("{FAE04EC0-301F-11D3-BF4B-00C04F79EFBC}") = "Ecommerce.ShoppingCart.Core", "Ecommerce.ShoppingCart.Core\Ecommerce.ShoppingCart.Core.csproj", "{0DD68D0B-4C3F-447E-A4D1-DA92587DA182}"
EndProject
Project("{FAE04EC0-301F-11D3-BF4B-00C04F79EFBC}") = "Ecommerce.ShoppingCart.Web", "Ecommerce.ShoppingCart.Web\Ecommerce.ShoppingCart.Web.csproj", "{63CEA83B-9B27-41CC-AD5C-2CCB2712493D}"
EndProject
Global
	GlobalSection(SolutionConfigurationPlatforms) = preSolution
		Debug|Any CPU = Debug|Any CPU
		Release|Any CPU = Release|Any CPU
	EndGlobalSection
	GlobalSection(ProjectConfigurationPlatforms) = postSolution
		{0DD68D0B-4C3F-447E-A4D1-DA92587DA182}.Debug|Any CPU.ActiveCfg = Debug|Any CPU
		{0DD68D0B-4C3F-447E-A4D1-DA92587DA182}.Debug|Any CPU.Build.0 = Debug|Any CPU
		{0DD68D0B-4C3F-447E-A4D1-DA92587DA182}.Release|Any CPU.ActiveCfg = Release|Any CPU
		{0DD68D0B-4C3F-447E-A4D1-DA92587DA182}.Release|Any CPU.Build.0 = Release|Any CPU
		{63CEA83B-9B27-41CC-AD5C-2CCB2712493D}.Debug|Any CPU.ActiveCfg = Debug|Any CPU
		{63CEA83B-9B27-41CC-AD5C-2CCB2712493D}.Debug|Any CPU.Build.0 = Debug|Any CPU
		{63CEA83B-9B27-41CC-AD5C-2CCB2712493D}.Release|Any CPU.ActiveCfg = Release|Any CPU
		{63CEA83B-9B27-41CC-AD5C-2CCB2712493D}.Release|Any CPU.Build.0 = Release|Any CPU
	EndGlobalSection
	GlobalSection(SolutionProperties) = preSolution
		HideSolutionNode = FALSE
	EndGlobalSection
	GlobalSection(ExtensibilityGlobals) = postSolution
		SolutionGuid = {D055811E-A9BE-4B0B-B2EC-F31C138B5FE7}
	EndGlobalSection
EndGlobal
